PATH
  remote: .
  specs:
    whitebox (0.1.1)

GEM
  remote: https://rubygems.org/
  specs:
    addressable (2.9.0)
      public_suffix (>= 2.0.2, < 8.0)
    bigdecimal (4.1.2)
    crack (1.0.1)
      bigdecimal
      rexml
    drb (2.2.3)
    hashdiff (1.2.1)
    minitest (6.0.5)
      drb (~> 2.0)
      prism (~> 1.5)
    prism (1.9.0)
    public_suffix (7.0.5)
    rexml (3.4.4)
    webmock (3.26.2)
      addressable (>= 2.8.0)
      crack (>= 0.3.2)
      hashdiff (>= 0.4.0, < 2.0.0)

PLATFORMS
  ruby
  x86_64-linux

DEPENDENCIES
  minitest
  webmock
  whitebox!

CHECKSUMS
  addressable (2.9.0) sha256=7fdf6ac3660f7f4e867a0838be3f6cf722ace541dd97767fa42bc6cfa980c7af
  bigdecimal (4.1.2) sha256=53d217666027eab4280346fba98e7d5b66baaae1b9c3c1c0ffe89d48188a3fbd
  crack (1.0.1) sha256=ff4a10390cd31d66440b7524eb1841874db86201d5b70032028553130b6d4c7e
  drb (2.2.3) sha256=0b00d6fdb50995fe4a45dea13663493c841112e4068656854646f418fda13373
  hashdiff (1.2.1) sha256=9c079dbc513dfc8833ab59c0c2d8f230fa28499cc5efb4b8dd276cf931457cd1
  minitest (6.0.5) sha256=f007d7246bf4feea549502842cd7c6aba8851cdc9c90ba06de9c476c0d01155c
  prism (1.9.0) sha256=7b530c6a9f92c24300014919c9dcbc055bf4cdf51ec30aed099b06cd6674ef85
  public_suffix (7.0.5) sha256=1a8bb08f1bbea19228d3bed6e5ed908d1cb4f7c2726d18bd9cadf60bc676f623
  rexml (3.4.4) sha256=19e0a2c3425dfbf2d4fc1189747bdb2f849b6c5e74180401b15734bc97b5d142
  webmock (3.26.2) sha256=774556f2ea6371846cca68c01769b2eac0d134492d21f6d0ab5dd643965a4c90
  whitebox (0.1.1)

BUNDLED WITH
  4.0.10
